# This file is automatically @generated by Cargo.
# It is not intended for manual editing.
version = 3

[[package]]
name = "bitflags"
version = "1.3.2"
source = "registry+https://github.com/rust-lang/crates.io-index"
checksum = "bef38d45163c2f1dde094a7dfd33ccf595c92905c8f8f4fdc18d06fb1037718a"

[[package]]
name = "cc"
version = "1.0.78"
source = "registry+https://github.com/rust-lang/crates.io-index"
checksum = "a20104e2335ce8a659d6dd92a51a767a0c062599c73b343fd152cb401e828c3d"

[[package]]
name = "cfg-if"
version = "0.1.10"
source = "registry+https://github.com/rust-lang/crates.io-index"
checksum = "4785bdd1c96b2a846b2bd7cc02e86b6b3dbf14e7e53446c4f54c92a361040822"

[[package]]
name = "libatasmart"
version = "0.3.0"
source = "git+https://github.com/EllisK-L/libatasmart?branch=smart_parse_attributes#8145a7d99119543cc4430a7695d9895dcd245c74"
dependencies = [
 "libatasmart-sys 0.1.2 (git+https://github.com/EllisK-L/libatasmart-sys?branch=parse_attributes)",
 "libffi",
 "nix",
]

[[package]]
name = "libatasmart-sys"
version = "0.1.2"
source = "git+https://github.com/cholcombe973/libatasmart-sys.git?branch=master#5ef90fd82b8d57cb879bdc8992005996f4aaf2c2"
dependencies = [
 "libc",
]

[[package]]
name = "libatasmart-sys"
version = "0.1.2"
source = "git+https://github.com/EllisK-L/libatasmart-sys?branch=parse_attributes#b75a4305fce82eee6752c8abcad3f10bab7a070b"
dependencies = [
 "libc",
]

[[package]]
name = "libc"
version = "0.2.139"
source = "registry+https://github.com/rust-lang/crates.io-index"
checksum = "201de327520df007757c1f0adce6e827fe8562fbc28bfd9c15571c66ca1f5f79"

[[package]]
name = "libffi"
version = "3.0.1"
source = "registry+https://github.com/rust-lang/crates.io-index"
checksum = "1e454b3efb16fba3b17810ae5e41df02b649e564ab3c5a34b3b93ed07ad287e6"
dependencies = [
 "libc",
 "libffi-sys",
]

[[package]]
name = "libffi-sys"
version = "2.0.1"
source = "registry+https://github.com/rust-lang/crates.io-index"
checksum = "84e78d02e5a8eae9c24c38ce6e6026f80e16dff76adcdae4bc5c6c52c2de4a60"
dependencies = [
 "cc",
]

[[package]]
name = "nix"
version = "0.17.0"
source = "registry+https://github.com/rust-lang/crates.io-index"
checksum = "50e4785f2c3b7589a0d0c1dd60285e1188adac4006e8abd6dd578e1567027363"
dependencies = [
 "bitflags",
 "cc",
 "cfg-if",
 "libc",
 "void",
]

[[package]]
name = "smarttui"
version = "0.1.0"
dependencies = [
 "libatasmart",
 "libatasmart-sys 0.1.2 (git+https://github.com/cholcombe973/libatasmart-sys.git?branch=master)",
]

[[package]]
name = "void"
version = "1.0.2"
source = "registry+https://github.com/rust-lang/crates.io-index"
checksum = "6a02e4885ed3bc0f2de90ea6dd45ebcbb66dacffe03547fadbb0eeae2770887d"
